{
  "R": {
    "Version": "4.5.0",
    "Repositories": [
      {
        "Name": "CRAN",
        "URL": "https://packagemanager.posit.co/cran/latest"
      }
    ]
  },
  "Packages": {
    "R6": {
      "Package": "R6",
      "Version": "2.6.1",
      "Source": "Repository",
      "Title": "Encapsulated Classes with Reference Semantics",
      "Authors@R": "c( person(\"Winston\", \"Chang\", , \"winston@posit.co\", role = c(\"aut\", \"cre\")), person(\"Posit Software, PBC\", role = c(\"cph\", \"fnd\")) )",
      "Description": "Creates classes with reference semantics, similar to R's built-in reference classes. Compared to reference classes, R6 classes are simpler and lighter-weight, and they are not built on S4 classes so they do not require the methods package. These classes allow public and private members, and they support inheritance, even when the classes are defined in different packages.",
      "License": "MIT + file LICENSE",
      "URL": "https://r6.r-lib.org, https://github.com/r-lib/R6",
      "BugReports": "https://github.com/r-lib/R6/issues",
      "Depends": [
        "R (>= 3.6)"
      ],
      "Suggests": [
        "lobstr",
        "testthat (>= 3.0.0)"
      ],
      "Config/Needs/website": "tidyverse/tidytemplate, ggplot2, microbenchmark, scales",
      "Config/testthat/edition": "3",
      "Encoding": "UTF-8",
      "RoxygenNote": "7.3.2",
      "NeedsCompilation": "no",
      "Author": "Winston Chang [aut, cre], Posit Software, PBC [cph, fnd]",
      "Maintainer": "Winston Chang <winston@posit.co>",
      "Repository": "CRAN"
    },
    "deSolve": {
      "Package": "deSolve",
      "Version": "1.40",
      "Source": "Repository",
      "Title": "Solvers for Initial Value Problems of Differential Equations ('ODE', 'DAE', 'DDE')",
      "Authors@R": "c(person(\"Karline\",\"Soetaert\", role = c(\"aut\"),  email = \"karline.soetaert@nioz.nl\", comment = c(ORCID = \"0000-0003-4603-7100\")), person(\"Thomas\",\"Petzoldt\", role = c(\"aut\", \"cre\"), email = \"thomas.petzoldt@tu-dresden.de\", comment = c(ORCID = \"0000-0002-4951-6468\")), person(\"R. Woodrow\",\"Setzer\", role = c(\"aut\"), email = \"setzer.woodrow@epa.gov\", comment = c(ORCID = \"0000-0002-6709-9186\")), person(\"Peter N.\",\"Brown\", role = \"ctb\",  comment = \"files ddaspk.f, dvode.f, zvode.f\"), person(\"George D.\",\"Byrne\", role = \"ctb\",  comment = \"files dvode.f, zvode.f\"), person(\"Ernst\",\"Hairer\", role = \"ctb\",  comment = \"files radau5.f, radau5a\"), person(\"Alan C.\",\"Hindmarsh\", role = \"ctb\",  comment = \"files ddaspk.f, dlsode.f, dvode.f, zvode.f, opdkmain.f, opdka1.f\"), person(\"Cleve\",\"Moler\", role = \"ctb\",  comment = \"file dlinpck.f\"), person(\"Linda R.\",\"Petzold\", role = \"ctb\",  comment = \"files ddaspk.f, dlsoda.f\"), person(\"Youcef\", \"Saad\", role = \"ctb\",  comment = \"file dsparsk.f\"), person(\"Clement W.\",\"Ulrich\", role = \"ctb\",  comment = \"file ddaspk.f\") )",
      "Author": "Karline Soetaert [aut] (<https://orcid.org/0000-0003-4603-7100>), Thomas Petzoldt [aut, cre] (<https://orcid.org/0000-0002-4951-6468>), R. Woodrow Setzer [aut] (<https://orcid.org/0000-0002-6709-9186>), Peter N. Brown [ctb] (files ddaspk.f, dvode.f, zvode.f), George D. Byrne [ctb] (files dvode.f, zvode.f), Ernst Hairer [ctb] (files radau5.f, radau5a), Alan C. Hindmarsh [ctb] (files ddaspk.f, dlsode.f, dvode.f, zvode.f, opdkmain.f, opdka1.f), Cleve Moler [ctb] (file dlinpck.f), Linda R. Petzold [ctb] (files ddaspk.f, dlsoda.f), Youcef Saad [ctb] (file dsparsk.f), Clement W. Ulrich [ctb] (file ddaspk.f)",
      "Maintainer": "Thomas Petzoldt <thomas.petzoldt@tu-dresden.de>",
      "Depends": [
        "R (>= 3.3.0)"
      ],
      "Imports": [
        "methods",
        "graphics",
        "grDevices",
        "stats"
      ],
      "Suggests": [
        "scatterplot3d",
        "FME"
      ],
      "Description": "Functions that solve initial value problems of a system of first-order ordinary differential equations ('ODE'), of partial differential equations ('PDE'), of differential algebraic equations ('DAE'), and of delay differential equations.  The functions provide an interface to the FORTRAN functions 'lsoda', 'lsodar', 'lsode', 'lsodes' of the 'ODEPACK' collection, to the FORTRAN functions 'dvode', 'zvode' and 'daspk' and a C-implementation of solvers of the 'Runge-Kutta' family with fixed or variable time steps.  The package contains routines designed for solving 'ODEs' resulting from 1-D, 2-D and 3-D partial differential equations ('PDE') that have been converted to 'ODEs' by numerical differencing.",
      "License": "GPL (>= 2)",
      "URL": "http://desolve.r-forge.r-project.org/",
      "LazyData": "yes",
      "NeedsCompilation": "yes",
      "Repository": "CRAN",
      "Encoding": "UTF-8"
    },
    "renv": {
      "Package": "renv",
      "Version": "1.1.5",
      "Source": "Repository",
      "Type": "Package",
      "Title": "Project Environments",
      "Authors@R": "c( person(\"Kevin\", \"Ushey\", role = c(\"aut\", \"cre\"), email = \"kevin@rstudio.com\", comment = c(ORCID = \"0000-0003-2880-7407\")), person(\"Hadley\", \"Wickham\", role = c(\"aut\"), email = \"hadley@rstudio.com\", comment = c(ORCID = \"0000-0003-4757-117X\")), person(\"Posit Software, PBC\", role = c(\"cph\", \"fnd\")) )",
      "Description": "A dependency management toolkit for R. Using 'renv', you can create and manage project-local R libraries, save the state of these libraries to a 'lockfile', and later restore your library as required. Together, these tools can help make your projects more isolated, portable, and reproducible.",
      "License": "MIT + file LICENSE",
      "URL": "https://rstudio.github.io/renv/, https://github.com/rstudio/renv",
      "BugReports": "https://github.com/rstudio/renv/issues",
      "Imports": [
        "utils"
      ],
      "Suggests": [
        "BiocManager",
        "cli",
        "compiler",
        "covr",
        "cpp11",
        "devtools",
        "generics",
        "gitcreds",
        "jsonlite",
        "jsonvalidate",
        "knitr",
        "miniUI",
        "modules",
        "packrat",
        "pak",
        "R6",
        "remotes",
        "reticulate",
        "rmarkdown",
        "rstudioapi",
        "shiny",
        "testthat",
        "uuid",
        "waldo",
        "yaml",
        "webfakes"
      ],
      "Encoding": "UTF-8",
      "RoxygenNote": "7.3.2",
      "VignetteBuilder": "knitr",
      "Config/Needs/website": "tidyverse/tidytemplate",
      "Config/testthat/edition": "3",
      "Config/testthat/parallel": "true",
      "Config/testthat/start-first": "bioconductor,python,install,restore,snapshot,retrieve,remotes",
      "NeedsCompilation": "no",
      "Author": "Kevin Ushey [aut, cre] (ORCID: <https://orcid.org/0000-0003-2880-7407>), Hadley Wickham [aut] (ORCID: <https://orcid.org/0000-0003-4757-117X>), Posit Software, PBC [cph, fnd]",
      "Maintainer": "Kevin Ushey <kevin@rstudio.com>",
      "Repository": "CRAN"
    }
  }
}
