{
  "R": {
    "Version": "4.5.2",
    "Repositories": [
      {
        "Name": "CRAN",
        "URL": "https://packagemanager.posit.co/cran/latest"
      }
    ]
  },
  "Packages": {
    "Matrix": {
      "Package": "Matrix",
      "Version": "1.7-5",
      "Source": "Repository",
      "VersionNote": "do also bump src/version.h, inst/include/Matrix/version.h",
      "Date": "2026-03-20",
      "Priority": "recommended",
      "Title": "Sparse and Dense Matrix Classes and Methods",
      "Description": "A rich hierarchy of sparse and dense matrix classes, including general, symmetric, triangular, and diagonal matrices with numeric, logical, or pattern entries.  Efficient methods for operating on such matrices, often wrapping the 'BLAS', 'LAPACK', and 'SuiteSparse' libraries.",
      "License": "GPL (>= 2) | file LICENCE",
      "URL": "https://Matrix.R-forge.R-project.org",
      "BugReports": "https://R-forge.R-project.org/tracker/?atid=294&group_id=61",
      "Contact": "Matrix-authors@R-project.org",
      "Authors@R": "c(person(\"Douglas\", \"Bates\", role = \"aut\", comment = c(ORCID = \"0000-0001-8316-9503\")), person(\"Martin\", \"Maechler\", role = c(\"aut\", \"cre\"), email = \"mmaechler+Matrix@gmail.com\", comment = c(ORCID = \"0000-0002-8685-9910\")), person(\"Mikael\", \"Jagan\", role = \"aut\", comment = c(ORCID = \"0000-0002-3542-2938\")), person(\"Timothy A.\", \"Davis\", role = \"ctb\", comment = c(ORCID = \"0000-0001-7614-6899\", \"SuiteSparse libraries\", \"collaborators listed in dir(system.file(\\\"doc\\\", \\\"SuiteSparse\\\", package=\\\"Matrix\\\"), pattern=\\\"License\\\", full.names=TRUE, recursive=TRUE)\")), person(\"George\", \"Karypis\", role = \"ctb\", comment = c(ORCID = \"0000-0003-2753-1437\", \"METIS library\", \"Copyright: Regents of the University of Minnesota\")), person(\"Jason\", \"Riedy\", role = \"ctb\", comment = c(ORCID = \"0000-0002-4345-4200\", \"GNU Octave's condest() and onenormest()\", \"Copyright: Regents of the University of California\")), person(\"Jens\", \"Oehlschlägel\", role = \"ctb\", comment = \"initial nearPD()\"), person(\"R Core Team\", role = \"ctb\", comment = c(ROR = \"02zz1nj61\", \"base R's matrix implementation\")))",
      "Depends": [
        "R (>= 4.4)",
        "methods"
      ],
      "Imports": [
        "grDevices",
        "graphics",
        "grid",
        "lattice",
        "stats",
        "utils"
      ],
      "Suggests": [
        "MASS",
        "datasets",
        "sfsmisc",
        "tools"
      ],
      "Enhances": [
        "SparseM",
        "graph"
      ],
      "LazyData": "no",
      "LazyDataNote": "not possible, since we use data/*.R and our S4 classes",
      "BuildResaveData": "no",
      "Encoding": "UTF-8",
      "NeedsCompilation": "yes",
      "Author": "Douglas Bates [aut] (ORCID: <https://orcid.org/0000-0001-8316-9503>), Martin Maechler [aut, cre] (ORCID: <https://orcid.org/0000-0002-8685-9910>), Mikael Jagan [aut] (ORCID: <https://orcid.org/0000-0002-3542-2938>), Timothy A. Davis [ctb] (ORCID: <https://orcid.org/0000-0001-7614-6899>, SuiteSparse libraries, collaborators listed in dir(system.file(\"doc\", \"SuiteSparse\", package=\"Matrix\"), pattern=\"License\", full.names=TRUE, recursive=TRUE)), George Karypis [ctb] (ORCID: <https://orcid.org/0000-0003-2753-1437>, METIS library, Copyright: Regents of the University of Minnesota), Jason Riedy [ctb] (ORCID: <https://orcid.org/0000-0002-4345-4200>, GNU Octave's condest() and onenormest(), Copyright: Regents of the University of California), Jens Oehlschlägel [ctb] (initial nearPD()), R Core Team [ctb] (ROR: <https://ror.org/02zz1nj61>, base R's matrix implementation)",
      "Maintainer": "Martin Maechler <mmaechler+Matrix@gmail.com>",
      "Repository": "CRAN"
    },
    "Rcpp": {
      "Package": "Rcpp",
      "Version": "1.1.2",
      "Source": "Repository",
      "Title": "Seamless R and C++ Integration",
      "Date": "2026-07-01",
      "Authors@R": "c(person(\"Dirk\", \"Eddelbuettel\", role = c(\"aut\", \"cre\"), email = \"edd@debian.org\", comment = c(ORCID = \"0000-0001-6419-907X\")), person(\"Romain\", \"Francois\", role = \"aut\", comment = c(ORCID = \"0000-0002-2444-4226\")), person(\"JJ\", \"Allaire\", role = \"aut\", comment = c(ORCID = \"0000-0003-0174-9868\")), person(\"Kevin\", \"Ushey\", role = \"aut\", comment = c(ORCID = \"0000-0003-2880-7407\")), person(\"Qiang\", \"Kou\", role = \"aut\", comment = c(ORCID = \"0000-0001-6786-5453\")), person(\"Nathan\", \"Russell\", role = \"aut\"), person(\"Iñaki\", \"Ucar\", role = \"aut\", comment = c(ORCID = \"0000-0001-6403-5550\")), person(\"Doug\", \"Bates\", role = \"aut\", comment = c(ORCID = \"0000-0001-8316-9503\")), person(\"John\", \"Chambers\", role = \"aut\"))",
      "Description": "The 'Rcpp' package provides R functions as well as C++ classes which offer a seamless integration of R and C++. Many R data types and objects can be mapped back and forth to C++ equivalents which facilitates both writing of new code as well as easier integration of third-party libraries. Documentation about 'Rcpp' is provided by several vignettes included in this package, via the 'Rcpp Gallery' site at <https://gallery.rcpp.org>, the paper by Eddelbuettel and Francois (2011, <doi:10.18637/jss.v040.i08>), the book by Eddelbuettel (2013, <doi:10.1007/978-1-4614-6868-4>) and the paper by Eddelbuettel and Balamuta (2018, <doi:10.1080/00031305.2017.1375990>); see 'citation(\"Rcpp\")' for details.",
      "Depends": [
        "R (>= 3.5.0)"
      ],
      "Imports": [
        "methods",
        "utils"
      ],
      "Suggests": [
        "tinytest",
        "inline",
        "rbenchmark",
        "pkgKitten (>= 0.1.2)"
      ],
      "URL": "https://www.rcpp.org, https://dirk.eddelbuettel.com/code/rcpp.html, https://github.com/RcppCore/Rcpp",
      "License": "GPL (>= 2)",
      "BugReports": "https://github.com/RcppCore/Rcpp/issues",
      "RoxygenNote": "6.1.1",
      "Encoding": "UTF-8",
      "VignetteBuilder": "Rcpp",
      "NeedsCompilation": "yes",
      "Author": "Dirk Eddelbuettel [aut, cre] (ORCID: <https://orcid.org/0000-0001-6419-907X>), Romain Francois [aut] (ORCID: <https://orcid.org/0000-0002-2444-4226>), JJ Allaire [aut] (ORCID: <https://orcid.org/0000-0003-0174-9868>), Kevin Ushey [aut] (ORCID: <https://orcid.org/0000-0003-2880-7407>), Qiang Kou [aut] (ORCID: <https://orcid.org/0000-0001-6786-5453>), Nathan Russell [aut], Iñaki Ucar [aut] (ORCID: <https://orcid.org/0000-0001-6403-5550>), Doug Bates [aut] (ORCID: <https://orcid.org/0000-0001-8316-9503>), John Chambers [aut]",
      "Maintainer": "Dirk Eddelbuettel <edd@debian.org>",
      "Repository": "RSPM"
    },
    "deSolve": {
      "Package": "deSolve",
      "Version": "1.42",
      "Source": "Repository",
      "Title": "Solvers for Initial Value Problems of Differential Equations ('ODE', 'DAE', 'DDE')",
      "Authors@R": "c(person(\"Karline\",\"Soetaert\", role = c(\"aut\"),  email = \"karline.soetaert@nioz.nl\", comment = c(ORCID = \"0000-0003-4603-7100\")), person(\"Thomas\",\"Petzoldt\", role = c(\"aut\", \"cre\"), email = \"thomas.petzoldt@tu-dresden.de\", comment = c(ORCID = \"0000-0002-4951-6468\")), person(\"R. Woodrow\",\"Setzer\", role = c(\"aut\"), email = \"setzer.woodrow@epa.gov\", comment = c(ORCID = \"0000-0002-6709-9186\")), person(\"Peter N.\",\"Brown\", role = \"ctb\",  comment = \"files ddaspk.f, dvode.f, zvode.f\"), person(\"George D.\",\"Byrne\", role = \"ctb\",  comment = \"files dvode.f, zvode.f\"), person(\"Ernst\",\"Hairer\", role = \"ctb\",  comment = \"files radau5.f, radau5a\"), person(\"Alan C.\",\"Hindmarsh\", role = \"ctb\",  comment = \"files ddaspk.f, dlsode.f, dvode.f, zvode.f, opdkmain.f, opdka1.f\"), person(\"Cleve\",\"Moler\", role = \"ctb\",  comment = \"file dlinpck.f\"), person(\"Linda R.\",\"Petzold\", role = \"ctb\",  comment = \"files ddaspk.f, dlsoda.f\"), person(\"Youcef\", \"Saad\", role = \"ctb\",  comment = \"file dsparsk.f\"), person(\"Clement W.\",\"Ulrich\", role = \"ctb\",  comment = \"file ddaspk.f\") )",
      "Author": "Karline Soetaert [aut] (ORCID: <https://orcid.org/0000-0003-4603-7100>), Thomas Petzoldt [aut, cre] (ORCID: <https://orcid.org/0000-0002-4951-6468>), R. Woodrow Setzer [aut] (ORCID: <https://orcid.org/0000-0002-6709-9186>), Peter N. Brown [ctb] (files ddaspk.f, dvode.f, zvode.f), George D. Byrne [ctb] (files dvode.f, zvode.f), Ernst Hairer [ctb] (files radau5.f, radau5a), Alan C. Hindmarsh [ctb] (files ddaspk.f, dlsode.f, dvode.f, zvode.f, opdkmain.f, opdka1.f), Cleve Moler [ctb] (file dlinpck.f), Linda R. Petzold [ctb] (files ddaspk.f, dlsoda.f), Youcef Saad [ctb] (file dsparsk.f), Clement W. Ulrich [ctb] (file ddaspk.f)",
      "Maintainer": "Thomas Petzoldt <thomas.petzoldt@tu-dresden.de>",
      "Depends": [
        "R (>= 3.3.0)"
      ],
      "Imports": [
        "methods",
        "graphics",
        "grDevices",
        "stats"
      ],
      "Suggests": [
        "scatterplot3d",
        "nlme",
        "FME"
      ],
      "Description": "Functions that solve initial value problems of a system of first-order ordinary differential equations ('ODE'), of partial differential equations ('PDE'), of differential algebraic equations ('DAE'), and of delay differential equations.  The functions provide an interface to the FORTRAN functions 'lsoda', 'lsodar', 'lsode', 'lsodes' of the 'ODEPACK' collection, to the FORTRAN functions 'dvode', 'zvode' and 'daspk' and a C-implementation of solvers of the 'Runge-Kutta' family with fixed or variable time steps.  The package contains routines designed for solving 'ODEs' resulting from 1-D, 2-D and 3-D partial differential equations ('PDE') that have been converted to 'ODEs' by numerical differencing.",
      "License": "GPL (>= 2)",
      "URL": "https://github.com/tpetzoldt/deSolve/",
      "LazyData": "yes",
      "NeedsCompilation": "yes",
      "Repository": "RSPM",
      "Encoding": "UTF-8"
    },
    "expm": {
      "Package": "expm",
      "Version": "1.0-1",
      "Source": "Repository",
      "Type": "Package",
      "Title": "Matrix Exponential, Log, 'etc'",
      "VersionNote": "Last CRAN: 1.0-0 on 2024-08-19",
      "Date": "2026-08-21",
      "Authors@R": "c(person(\"Martin\", \"Maechler\", role=c(\"aut\",\"cre\"), email=\"maechler@stat.math.ethz.ch\", comment = c(ORCID = \"0000-0002-8685-9910\")) , person(\"Christophe\",\"Dutang\", role = \"aut\", comment = c(ORCID = \"0000-0001-6732-1501\")) , person(\"Vincent\",   \"Goulet\", role = \"aut\", comment = c(ORCID = \"0000-0002-9315-5719\")) , person(\"Douglas\",   \"Bates\",      role = \"ctb\", comment = \"cosmetic clean up, in svn r42\") , person(\"David\",     \"Firth\",      role = \"ctb\", comment = \"expm(method= \\\"PadeO\\\" and \\\"TaylorO\\\")\") , person(\"Marina\",    \"Shapira\",    role = \"ctb\", comment = \"expm(method= \\\"PadeO\\\" and \\\"TaylorO\\\")\") , person(\"Michael\",   \"Stadelmann\", role = \"ctb\", comment = \"\\\"Higham08*\\\" methods, see ?expm.Higham08...\") )",
      "Contact": "expm-developers@lists.R-forge.R-project.org",
      "Description": "Computation of the matrix exponential, logarithm, sqrt, and related quantities, using traditional and modern methods.",
      "Depends": [
        "Matrix"
      ],
      "Imports": [
        "methods"
      ],
      "Suggests": [
        "RColorBrewer",
        "sfsmisc",
        "Rmpfr"
      ],
      "BuildResaveData": "no",
      "License": "GPL (>= 2)",
      "URL": "https://R-Forge.R-project.org/projects/expm/",
      "BugReports": "https://R-forge.R-project.org/tracker/?atid=472&group_id=107",
      "Encoding": "UTF-8",
      "NeedsCompilation": "yes",
      "Author": "Martin Maechler [aut, cre] (ORCID: <https://orcid.org/0000-0002-8685-9910>), Christophe Dutang [aut] (ORCID: <https://orcid.org/0000-0001-6732-1501>), Vincent Goulet [aut] (ORCID: <https://orcid.org/0000-0002-9315-5719>), Douglas Bates [ctb] (cosmetic clean up, in svn r42), David Firth [ctb] (expm(method= \"PadeO\" and \"TaylorO\")), Marina Shapira [ctb] (expm(method= \"PadeO\" and \"TaylorO\")), Michael Stadelmann [ctb] (\"Higham08*\" methods, see ?expm.Higham08...)",
      "Maintainer": "Martin Maechler <maechler@stat.math.ethz.ch>",
      "Repository": "RSPM"
    },
    "lattice": {
      "Package": "lattice",
      "Version": "0.22-9",
      "Source": "Repository",
      "Date": "2026-02-03",
      "Priority": "recommended",
      "Title": "Trellis Graphics for R",
      "Authors@R": "c(person(\"Deepayan\", \"Sarkar\", role = c(\"aut\", \"cre\"), email = \"deepayan.sarkar@r-project.org\", comment = c(ORCID = \"0000-0003-4107-1553\")), person(\"Felix\", \"Andrews\", role = \"ctb\"), person(\"Kevin\", \"Wright\", role = \"ctb\", comment = \"documentation\"), person(\"Neil\", \"Klepeis\", role = \"ctb\"), person(\"Johan\", \"Larsson\", role = \"ctb\", comment = \"miscellaneous improvements\"), person(\"Zhijian (Jason)\", \"Wen\", role = \"cph\", comment = \"filled contour code\"), person(\"Paul\", \"Murrell\", role = \"ctb\", email = \"paul@stat.auckland.ac.nz\"), person(\"Stefan\", \"Eng\", role = \"ctb\", comment = \"violin plot improvements\"), person(\"Achim\", \"Zeileis\", role = \"ctb\", comment = \"modern colors\"), person(\"Alexandre\", \"Courtiol\", role = \"ctb\", comment = \"generics for larrows, lpolygon, lrect and lsegments\") )",
      "Description": "A powerful and elegant high-level data visualization system inspired by Trellis graphics, with an emphasis on multivariate data. Lattice is sufficient for typical graphics needs, and is also flexible enough to handle most nonstandard requirements. See ?Lattice for an introduction.",
      "Depends": [
        "R (>= 4.0.0)"
      ],
      "Suggests": [
        "KernSmooth",
        "MASS",
        "latticeExtra",
        "colorspace"
      ],
      "Imports": [
        "grid",
        "grDevices",
        "graphics",
        "stats",
        "utils"
      ],
      "Enhances": [
        "chron",
        "zoo"
      ],
      "LazyLoad": "yes",
      "LazyData": "yes",
      "License": "GPL (>= 2)",
      "URL": "https://lattice.r-forge.r-project.org/",
      "BugReports": "https://github.com/deepayan/lattice/issues",
      "NeedsCompilation": "yes",
      "Author": "Deepayan Sarkar [aut, cre] (ORCID: <https://orcid.org/0000-0003-4107-1553>), Felix Andrews [ctb], Kevin Wright [ctb] (documentation), Neil Klepeis [ctb], Johan Larsson [ctb] (miscellaneous improvements), Zhijian (Jason) Wen [cph] (filled contour code), Paul Murrell [ctb], Stefan Eng [ctb] (violin plot improvements), Achim Zeileis [ctb] (modern colors), Alexandre Courtiol [ctb] (generics for larrows, lpolygon, lrect and lsegments)",
      "Maintainer": "Deepayan Sarkar <deepayan.sarkar@r-project.org>",
      "Repository": "CRAN"
    },
    "renv": {
      "Package": "renv",
      "Version": "1.1.5",
      "Source": "Repository",
      "Type": "Package",
      "Title": "Project Environments",
      "Authors@R": "c( person(\"Kevin\", \"Ushey\", role = c(\"aut\", \"cre\"), email = \"kevin@rstudio.com\", comment = c(ORCID = \"0000-0003-2880-7407\")), person(\"Hadley\", \"Wickham\", role = c(\"aut\"), email = \"hadley@rstudio.com\", comment = c(ORCID = \"0000-0003-4757-117X\")), person(\"Posit Software, PBC\", role = c(\"cph\", \"fnd\")) )",
      "Description": "A dependency management toolkit for R. Using 'renv', you can create and manage project-local R libraries, save the state of these libraries to a 'lockfile', and later restore your library as required. Together, these tools can help make your projects more isolated, portable, and reproducible.",
      "License": "MIT + file LICENSE",
      "URL": "https://rstudio.github.io/renv/, https://github.com/rstudio/renv",
      "BugReports": "https://github.com/rstudio/renv/issues",
      "Imports": [
        "utils"
      ],
      "Suggests": [
        "BiocManager",
        "cli",
        "compiler",
        "covr",
        "cpp11",
        "devtools",
        "generics",
        "gitcreds",
        "jsonlite",
        "jsonvalidate",
        "knitr",
        "miniUI",
        "modules",
        "packrat",
        "pak",
        "R6",
        "remotes",
        "reticulate",
        "rmarkdown",
        "rstudioapi",
        "shiny",
        "testthat",
        "uuid",
        "waldo",
        "yaml",
        "webfakes"
      ],
      "Encoding": "UTF-8",
      "RoxygenNote": "7.3.2",
      "VignetteBuilder": "knitr",
      "Config/Needs/website": "tidyverse/tidytemplate",
      "Config/testthat/edition": "3",
      "Config/testthat/parallel": "true",
      "Config/testthat/start-first": "bioconductor,python,install,restore,snapshot,retrieve,remotes",
      "NeedsCompilation": "no",
      "Author": "Kevin Ushey [aut, cre] (ORCID: <https://orcid.org/0000-0003-2880-7407>), Hadley Wickham [aut] (ORCID: <https://orcid.org/0000-0003-4757-117X>), Posit Software, PBC [cph, fnd]",
      "Maintainer": "Kevin Ushey <kevin@rstudio.com>",
      "Repository": "CRAN"
    },
    "units": {
      "Package": "units",
      "Version": "1.0-1",
      "Source": "Repository",
      "Title": "Measurement Units for R Vectors",
      "Authors@R": "c(person(\"Edzer\", \"Pebesma\", role = c(\"aut\", \"cre\"), email = \"edzer.pebesma@uni-muenster.de\", comment = c(ORCID = \"0000-0001-8049-7069\")), person(\"Thomas\", \"Mailund\", role = \"aut\", email = \"mailund@birc.au.dk\"), person(\"Tomasz\", \"Kalinowski\", role = \"aut\"), person(\"James\", \"Hiebert\", role = \"ctb\"), person(\"Iñaki\", \"Ucar\", role = \"aut\", email = \"iucar@fedoraproject.org\", comment = c(ORCID = \"0000-0001-6403-5550\")), person(\"Thomas Lin\", \"Pedersen\", role = \"ctb\") )",
      "Depends": [
        "R (>= 3.5.0)"
      ],
      "Imports": [
        "Rcpp"
      ],
      "LinkingTo": [
        "Rcpp (>= 1.1.0)"
      ],
      "Suggests": [
        "NISTunits",
        "measurements",
        "xml2",
        "magrittr",
        "pillar (>= 1.3.0)",
        "dplyr (>= 1.0.0)",
        "vctrs (>= 0.3.1)",
        "ggplot2 (> 3.2.1)",
        "testthat (>= 3.0.0)",
        "vdiffr",
        "knitr",
        "rvest",
        "rmarkdown"
      ],
      "VignetteBuilder": "knitr",
      "Description": "Support for measurement units in R vectors, matrices and arrays: automatic propagation, conversion, derivation and simplification of units; raising errors in case of unit incompatibility. Compatible with the POSIXct, Date and difftime  classes. Uses the UNIDATA udunits library and unit database for  unit compatibility checking and conversion. Documentation about 'units' is provided in the paper by Pebesma, Mailund & Hiebert (2016, <doi:10.32614/RJ-2016-061>), included in this package as a vignette; see 'citation(\"units\")' for details.",
      "SystemRequirements": "udunits-2",
      "License": "GPL-2",
      "URL": "https://r-quantities.github.io/units/, https://github.com/r-quantities/units",
      "BugReports": "https://github.com/r-quantities/units/issues",
      "RoxygenNote": "7.3.3",
      "Encoding": "UTF-8",
      "Config/testthat/edition": "3",
      "NeedsCompilation": "yes",
      "Author": "Edzer Pebesma [aut, cre] (ORCID: <https://orcid.org/0000-0001-8049-7069>), Thomas Mailund [aut], Tomasz Kalinowski [aut], James Hiebert [ctb], Iñaki Ucar [aut] (ORCID: <https://orcid.org/0000-0001-6403-5550>), Thomas Lin Pedersen [ctb]",
      "Maintainer": "Edzer Pebesma <edzer.pebesma@uni-muenster.de>",
      "Repository": "CRAN"
    }
  }
}
